
Microsoft Visual Studio Solution File, Format Version 12.00
# Visual Studio 14
VisualStudioVersion = 14.0.25420.1
MinimumVisualStudioVersion = 10.0.40219.1
Project("{2150E333-8FDC-42A3-9474-1A3956D46DE8}") = "src", "src", "{C0A3D15C-E946-4B4D-8606-460D3522BEF8}"
EndProject
Project("{2150E333-8FDC-42A3-9474-1A3956D46DE8}") = "Solution Items", "Solution Items", "{811A9E6E-F82F-4DC1-BB61-43ED36D1908F}"
	ProjectSection(SolutionItems) = preProject
		global.json = global.json
	EndProjectSection
EndProject
Project("{2150E333-8FDC-42A3-9474-1A3956D46DE8}") = "1-WEB", "1-WEB", "{8EA3903E-F491-49CA-96D6-C12524675203}"
EndProject
Project("{2150E333-8FDC-42A3-9474-1A3956D46DE8}") = "2-MODEL", "2-MODEL", "{1F8E86E0-3548-47B7-BCD9-B59B11F78B54}"
EndProject
Project("{2150E333-8FDC-42A3-9474-1A3956D46DE8}") = "3-APPLICATION", "3-APPLICATION", "{84ABC6D9-C895-4ED9-8D09-0E583CE9FCBB}"
EndProject
Project("{2150E333-8FDC-42A3-9474-1A3956D46DE8}") = "4-INFRASTRUCTURE", "4-INFRASTRUCTURE", "{994E2C5C-5122-4462-AB85-E24026CF8402}"
EndProject
Project("{2150E333-8FDC-42A3-9474-1A3956D46DE8}") = "5-DOMAIN", "5-DOMAIN", "{25BAFE4F-A13C-47D5-89C1-48736D380AAF}"
EndProject
Project("{2150E333-8FDC-42A3-9474-1A3956D46DE8}") = "6-UNIT-TEST", "6-UNIT-TEST", "{A363462D-D69A-49C9-A60B-D275B00CEAF1}"
EndProject
Project("{8BB2217D-0F2D-49D1-97BC-3654ED321F3B}") = "WebProject", "WebProject\WebProject.xproj", "{5EFB2DD6-1C22-4042-AA3E-E25231FCC9B7}"
EndProject
Project("{8BB2217D-0F2D-49D1-97BC-3654ED321F3B}") = "SpecificImplementation", "SpecificImplementation\SpecificImplementation.xproj", "{15A43AFE-F541-4044-A136-BAE83D6A1D3F}"
EndProject
Project("{8BB2217D-0F2D-49D1-97BC-3654ED321F3B}") = "GenericPattern", "GenericImplementation\GenericPattern.xproj", "{2BEC1025-8CCB-4BA9-98C5-D1247BC9BE6B}"
EndProject
Project("{8BB2217D-0F2D-49D1-97BC-3654ED321F3B}") = "DataModel", "DataModel\DataModel.xproj", "{7C07C67C-0C13-4043-8A49-CB91B431A3B3}"
EndProject
Project("{FAE04EC0-301F-11D3-BF4B-00C04F79EFBC}") = "UnitTest", "UnitTest\UnitTest.csproj", "{B8FA53B2-BFB1-456F-B43D-9CC69DE483B6}"
EndProject
Project("{8BB2217D-0F2D-49D1-97BC-3654ED321F3B}") = "ViewModel", "ViewModel\ViewModel.xproj", "{57179282-74D8-46FC-8B58-46865DA51D87}"
EndProject
Project("{8BB2217D-0F2D-49D1-97BC-3654ED321F3B}") = "DependenciesInjection", "DependenciesInjection\DependenciesInjection.xproj", "{67C161AF-24CE-42D3-91C2-269DFAD4148A}"
EndProject
Global
	GlobalSection(SolutionConfigurationPlatforms) = preSolution
		Debug|Any CPU = Debug|Any CPU
		Debug|ARM = Debug|ARM
		Debug|x64 = Debug|x64
		Debug|x86 = Debug|x86
		Release|Any CPU = Release|Any CPU
		Release|ARM = Release|ARM
		Release|x64 = Release|x64
		Release|x86 = Release|x86
	EndGlobalSection
	GlobalSection(ProjectConfigurationPlatforms) = postSolution
		{5EFB2DD6-1C22-4042-AA3E-E25231FCC9B7}.Debug|Any CPU.ActiveCfg = Debug|Any CPU
		{5EFB2DD6-1C22-4042-AA3E-E25231FCC9B7}.Debug|Any CPU.Build.0 = Debug|Any CPU
		{5EFB2DD6-1C22-4042-AA3E-E25231FCC9B7}.Debug|ARM.ActiveCfg = Debug|Any CPU
		{5EFB2DD6-1C22-4042-AA3E-E25231FCC9B7}.Debug|ARM.Build.0 = Debug|Any CPU
		{5EFB2DD6-1C22-4042-AA3E-E25231FCC9B7}.Debug|x64.ActiveCfg = Debug|Any CPU
		{5EFB2DD6-1C22-4042-AA3E-E25231FCC9B7}.Debug|x64.Build.0 = Debug|Any CPU
		{5EFB2DD6-1C22-4042-AA3E-E25231FCC9B7}.Debug|x86.ActiveCfg = Debug|Any CPU
		{5EFB2DD6-1C22-4042-AA3E-E25231FCC9B7}.Debug|x86.Build.0 = Debug|Any CPU
		{5EFB2DD6-1C22-4042-AA3E-E25231FCC9B7}.Release|Any CPU.ActiveCfg = Release|Any CPU
		{5EFB2DD6-1C22-4042-AA3E-E25231FCC9B7}.Release|Any CPU.Build.0 = Release|Any CPU
		{5EFB2DD6-1C22-4042-AA3E-E25231FCC9B7}.Release|ARM.ActiveCfg = Release|Any CPU
		{5EFB2DD6-1C22-4042-AA3E-E25231FCC9B7}.Release|ARM.Build.0 = Release|Any CPU
		{5EFB2DD6-1C22-4042-AA3E-E25231FCC9B7}.Release|x64.ActiveCfg = Release|Any CPU
		{5EFB2DD6-1C22-4042-AA3E-E25231FCC9B7}.Release|x64.Build.0 = Release|Any CPU
		{5EFB2DD6-1C22-4042-AA3E-E25231FCC9B7}.Release|x86.ActiveCfg = Release|Any CPU
		{5EFB2DD6-1C22-4042-AA3E-E25231FCC9B7}.Release|x86.Build.0 = Release|Any CPU
		{15A43AFE-F541-4044-A136-BAE83D6A1D3F}.Debug|Any CPU.ActiveCfg = Debug|Any CPU
		{15A43AFE-F541-4044-A136-BAE83D6A1D3F}.Debug|Any CPU.Build.0 = Debug|Any CPU
		{15A43AFE-F541-4044-A136-BAE83D6A1D3F}.Debug|ARM.ActiveCfg = Debug|Any CPU
		{15A43AFE-F541-4044-A136-BAE83D6A1D3F}.Debug|ARM.Build.0 = Debug|Any CPU
		{15A43AFE-F541-4044-A136-BAE83D6A1D3F}.Debug|x64.ActiveCfg = Debug|Any CPU
		{15A43AFE-F541-4044-A136-BAE83D6A1D3F}.Debug|x64.Build.0 = Debug|Any CPU
		{15A43AFE-F541-4044-A136-BAE83D6A1D3F}.Debug|x86.ActiveCfg = Debug|Any CPU
		{15A43AFE-F541-4044-A136-BAE83D6A1D3F}.Debug|x86.Build.0 = Debug|Any CPU
		{15A43AFE-F541-4044-A136-BAE83D6A1D3F}.Release|Any CPU.ActiveCfg = Release|Any CPU
		{15A43AFE-F541-4044-A136-BAE83D6A1D3F}.Release|Any CPU.Build.0 = Release|Any CPU
		{15A43AFE-F541-4044-A136-BAE83D6A1D3F}.Release|ARM.ActiveCfg = Release|Any CPU
		{15A43AFE-F541-4044-A136-BAE83D6A1D3F}.Release|ARM.Build.0 = Release|Any CPU
		{15A43AFE-F541-4044-A136-BAE83D6A1D3F}.Release|x64.ActiveCfg = Release|Any CPU
		{15A43AFE-F541-4044-A136-BAE83D6A1D3F}.Release|x64.Build.0 = Release|Any CPU
		{15A43AFE-F541-4044-A136-BAE83D6A1D3F}.Release|x86.ActiveCfg = Release|Any CPU
		{15A43AFE-F541-4044-A136-BAE83D6A1D3F}.Release|x86.Build.0 = Release|Any CPU
		{2BEC1025-8CCB-4BA9-98C5-D1247BC9BE6B}.Debug|Any CPU.ActiveCfg = Debug|Any CPU
		{2BEC1025-8CCB-4BA9-98C5-D1247BC9BE6B}.Debug|Any CPU.Build.0 = Debug|Any CPU
		{2BEC1025-8CCB-4BA9-98C5-D1247BC9BE6B}.Debug|ARM.ActiveCfg = Debug|Any CPU
		{2BEC1025-8CCB-4BA9-98C5-D1247BC9BE6B}.Debug|ARM.Build.0 = Debug|Any CPU
		{2BEC1025-8CCB-4BA9-98C5-D1247BC9BE6B}.Debug|x64.ActiveCfg = Debug|Any CPU
		{2BEC1025-8CCB-4BA9-98C5-D1247BC9BE6B}.Debug|x64.Build.0 = Debug|Any CPU
		{2BEC1025-8CCB-4BA9-98C5-D1247BC9BE6B}.Debug|x86.ActiveCfg = Debug|Any CPU
		{2BEC1025-8CCB-4BA9-98C5-D1247BC9BE6B}.Debug|x86.Build.0 = Debug|Any CPU
		{2BEC1025-8CCB-4BA9-98C5-D1247BC9BE6B}.Release|Any CPU.ActiveCfg = Release|Any CPU
		{2BEC1025-8CCB-4BA9-98C5-D1247BC9BE6B}.Release|Any CPU.Build.0 = Release|Any CPU
		{2BEC1025-8CCB-4BA9-98C5-D1247BC9BE6B}.Release|ARM.ActiveCfg = Release|Any CPU
		{2BEC1025-8CCB-4BA9-98C5-D1247BC9BE6B}.Release|ARM.Build.0 = Release|Any CPU
		{2BEC1025-8CCB-4BA9-98C5-D1247BC9BE6B}.Release|x64.ActiveCfg = Release|Any CPU
		{2BEC1025-8CCB-4BA9-98C5-D1247BC9BE6B}.Release|x64.Build.0 = Release|Any CPU
		{2BEC1025-8CCB-4BA9-98C5-D1247BC9BE6B}.Release|x86.ActiveCfg = Release|Any CPU
		{2BEC1025-8CCB-4BA9-98C5-D1247BC9BE6B}.Release|x86.Build.0 = Release|Any CPU
		{7C07C67C-0C13-4043-8A49-CB91B431A3B3}.Debug|Any CPU.ActiveCfg = Debug|Any CPU
		{7C07C67C-0C13-4043-8A49-CB91B431A3B3}.Debug|Any CPU.Build.0 = Debug|Any CPU
		{7C07C67C-0C13-4043-8A49-CB91B431A3B3}.Debug|ARM.ActiveCfg = Debug|Any CPU
		{7C07C67C-0C13-4043-8A49-CB91B431A3B3}.Debug|ARM.Build.0 = Debug|Any CPU
		{7C07C67C-0C13-4043-8A49-CB91B431A3B3}.Debug|x64.ActiveCfg = Debug|Any CPU
		{7C07C67C-0C13-4043-8A49-CB91B431A3B3}.Debug|x64.Build.0 = Debug|Any CPU
		{7C07C67C-0C13-4043-8A49-CB91B431A3B3}.Debug|x86.ActiveCfg = Debug|Any CPU
		{7C07C67C-0C13-4043-8A49-CB91B431A3B3}.Debug|x86.Build.0 = Debug|Any CPU
		{7C07C67C-0C13-4043-8A49-CB91B431A3B3}.Release|Any CPU.ActiveCfg = Release|Any CPU
		{7C07C67C-0C13-4043-8A49-CB91B431A3B3}.Release|Any CPU.Build.0 = Release|Any CPU
		{7C07C67C-0C13-4043-8A49-CB91B431A3B3}.Release|ARM.ActiveCfg = Release|Any CPU
		{7C07C67C-0C13-4043-8A49-CB91B431A3B3}.Release|ARM.Build.0 = Release|Any CPU
		{7C07C67C-0C13-4043-8A49-CB91B431A3B3}.Release|x64.ActiveCfg = Release|Any CPU
		{7C07C67C-0C13-4043-8A49-CB91B431A3B3}.Release|x64.Build.0 = Release|Any CPU
		{7C07C67C-0C13-4043-8A49-CB91B431A3B3}.Release|x86.ActiveCfg = Release|Any CPU
		{7C07C67C-0C13-4043-8A49-CB91B431A3B3}.Release|x86.Build.0 = Release|Any CPU
		{B8FA53B2-BFB1-456F-B43D-9CC69DE483B6}.Debug|Any CPU.ActiveCfg = Debug|Any CPU
		{B8FA53B2-BFB1-456F-B43D-9CC69DE483B6}.Debug|Any CPU.Build.0 = Debug|Any CPU
		{B8FA53B2-BFB1-456F-B43D-9CC69DE483B6}.Debug|Any CPU.Deploy.0 = Debug|Any CPU
		{B8FA53B2-BFB1-456F-B43D-9CC69DE483B6}.Debug|ARM.ActiveCfg = Debug|ARM
		{B8FA53B2-BFB1-456F-B43D-9CC69DE483B6}.Debug|ARM.Build.0 = Debug|ARM
		{B8FA53B2-BFB1-456F-B43D-9CC69DE483B6}.Debug|ARM.Deploy.0 = Debug|ARM
		{B8FA53B2-BFB1-456F-B43D-9CC69DE483B6}.Debug|x64.ActiveCfg = Debug|x64
		{B8FA53B2-BFB1-456F-B43D-9CC69DE483B6}.Debug|x64.Build.0 = Debug|x64
		{B8FA53B2-BFB1-456F-B43D-9CC69DE483B6}.Debug|x64.Deploy.0 = Debug|x64
		{B8FA53B2-BFB1-456F-B43D-9CC69DE483B6}.Debug|x86.ActiveCfg = Debug|x86
		{B8FA53B2-BFB1-456F-B43D-9CC69DE483B6}.Debug|x86.Build.0 = Debug|x86
		{B8FA53B2-BFB1-456F-B43D-9CC69DE483B6}.Debug|x86.Deploy.0 = Debug|x86
		{B8FA53B2-BFB1-456F-B43D-9CC69DE483B6}.Release|Any CPU.ActiveCfg = Release|Any CPU
		{B8FA53B2-BFB1-456F-B43D-9CC69DE483B6}.Release|Any CPU.Build.0 = Release|Any CPU
		{B8FA53B2-BFB1-456F-B43D-9CC69DE483B6}.Release|Any CPU.Deploy.0 = Release|Any CPU
		{B8FA53B2-BFB1-456F-B43D-9CC69DE483B6}.Release|ARM.ActiveCfg = Release|ARM
		{B8FA53B2-BFB1-456F-B43D-9CC69DE483B6}.Release|ARM.Build.0 = Release|ARM
		{B8FA53B2-BFB1-456F-B43D-9CC69DE483B6}.Release|ARM.Deploy.0 = Release|ARM
		{B8FA53B2-BFB1-456F-B43D-9CC69DE483B6}.Release|x64.ActiveCfg = Release|x64
		{B8FA53B2-BFB1-456F-B43D-9CC69DE483B6}.Release|x64.Build.0 = Release|x64
		{B8FA53B2-BFB1-456F-B43D-9CC69DE483B6}.Release|x64.Deploy.0 = Release|x64
		{B8FA53B2-BFB1-456F-B43D-9CC69DE483B6}.Release|x86.ActiveCfg = Release|x86
		{B8FA53B2-BFB1-456F-B43D-9CC69DE483B6}.Release|x86.Build.0 = Release|x86
		{B8FA53B2-BFB1-456F-B43D-9CC69DE483B6}.Release|x86.Deploy.0 = Release|x86
		{57179282-74D8-46FC-8B58-46865DA51D87}.Debug|Any CPU.ActiveCfg = Debug|Any CPU
		{57179282-74D8-46FC-8B58-46865DA51D87}.Debug|Any CPU.Build.0 = Debug|Any CPU
		{57179282-74D8-46FC-8B58-46865DA51D87}.Debug|ARM.ActiveCfg = Debug|Any CPU
		{57179282-74D8-46FC-8B58-46865DA51D87}.Debug|ARM.Build.0 = Debug|Any CPU
		{57179282-74D8-46FC-8B58-46865DA51D87}.Debug|x64.ActiveCfg = Debug|Any CPU
		{57179282-74D8-46FC-8B58-46865DA51D87}.Debug|x64.Build.0 = Debug|Any CPU
		{57179282-74D8-46FC-8B58-46865DA51D87}.Debug|x86.ActiveCfg = Debug|Any CPU
		{57179282-74D8-46FC-8B58-46865DA51D87}.Debug|x86.Build.0 = Debug|Any CPU
		{57179282-74D8-46FC-8B58-46865DA51D87}.Release|Any CPU.ActiveCfg = Release|Any CPU
		{57179282-74D8-46FC-8B58-46865DA51D87}.Release|Any CPU.Build.0 = Release|Any CPU
		{57179282-74D8-46FC-8B58-46865DA51D87}.Release|ARM.ActiveCfg = Release|Any CPU
		{57179282-74D8-46FC-8B58-46865DA51D87}.Release|ARM.Build.0 = Release|Any CPU
		{57179282-74D8-46FC-8B58-46865DA51D87}.Release|x64.ActiveCfg = Release|Any CPU
		{57179282-74D8-46FC-8B58-46865DA51D87}.Release|x64.Build.0 = Release|Any CPU
		{57179282-74D8-46FC-8B58-46865DA51D87}.Release|x86.ActiveCfg = Release|Any CPU
		{57179282-74D8-46FC-8B58-46865DA51D87}.Release|x86.Build.0 = Release|Any CPU
		{67C161AF-24CE-42D3-91C2-269DFAD4148A}.Debug|Any CPU.ActiveCfg = Debug|Any CPU
		{67C161AF-24CE-42D3-91C2-269DFAD4148A}.Debug|Any CPU.Build.0 = Debug|Any CPU
		{67C161AF-24CE-42D3-91C2-269DFAD4148A}.Debug|ARM.ActiveCfg = Debug|Any CPU
		{67C161AF-24CE-42D3-91C2-269DFAD4148A}.Debug|ARM.Build.0 = Debug|Any CPU
		{67C161AF-24CE-42D3-91C2-269DFAD4148A}.Debug|x64.ActiveCfg = Debug|Any CPU
		{67C161AF-24CE-42D3-91C2-269DFAD4148A}.Debug|x64.Build.0 = Debug|Any CPU
		{67C161AF-24CE-42D3-91C2-269DFAD4148A}.Debug|x86.ActiveCfg = Debug|Any CPU
		{67C161AF-24CE-42D3-91C2-269DFAD4148A}.Debug|x86.Build.0 = Debug|Any CPU
		{67C161AF-24CE-42D3-91C2-269DFAD4148A}.Release|Any CPU.ActiveCfg = Release|Any CPU
		{67C161AF-24CE-42D3-91C2-269DFAD4148A}.Release|Any CPU.Build.0 = Release|Any CPU
		{67C161AF-24CE-42D3-91C2-269DFAD4148A}.Release|ARM.ActiveCfg = Release|Any CPU
		{67C161AF-24CE-42D3-91C2-269DFAD4148A}.Release|ARM.Build.0 = Release|Any CPU
		{67C161AF-24CE-42D3-91C2-269DFAD4148A}.Release|x64.ActiveCfg = Release|Any CPU
		{67C161AF-24CE-42D3-91C2-269DFAD4148A}.Release|x64.Build.0 = Release|Any CPU
		{67C161AF-24CE-42D3-91C2-269DFAD4148A}.Release|x86.ActiveCfg = Release|Any CPU
		{67C161AF-24CE-42D3-91C2-269DFAD4148A}.Release|x86.Build.0 = Release|Any CPU
	EndGlobalSection
	GlobalSection(SolutionProperties) = preSolution
		HideSolutionNode = FALSE
	EndGlobalSection
	GlobalSection(NestedProjects) = preSolution
		{8EA3903E-F491-49CA-96D6-C12524675203} = {C0A3D15C-E946-4B4D-8606-460D3522BEF8}
		{1F8E86E0-3548-47B7-BCD9-B59B11F78B54} = {C0A3D15C-E946-4B4D-8606-460D3522BEF8}
		{84ABC6D9-C895-4ED9-8D09-0E583CE9FCBB} = {C0A3D15C-E946-4B4D-8606-460D3522BEF8}
		{994E2C5C-5122-4462-AB85-E24026CF8402} = {C0A3D15C-E946-4B4D-8606-460D3522BEF8}
		{25BAFE4F-A13C-47D5-89C1-48736D380AAF} = {C0A3D15C-E946-4B4D-8606-460D3522BEF8}
		{A363462D-D69A-49C9-A60B-D275B00CEAF1} = {C0A3D15C-E946-4B4D-8606-460D3522BEF8}
		{5EFB2DD6-1C22-4042-AA3E-E25231FCC9B7} = {8EA3903E-F491-49CA-96D6-C12524675203}
		{15A43AFE-F541-4044-A136-BAE83D6A1D3F} = {84ABC6D9-C895-4ED9-8D09-0E583CE9FCBB}
		{2BEC1025-8CCB-4BA9-98C5-D1247BC9BE6B} = {994E2C5C-5122-4462-AB85-E24026CF8402}
		{7C07C67C-0C13-4043-8A49-CB91B431A3B3} = {25BAFE4F-A13C-47D5-89C1-48736D380AAF}
		{B8FA53B2-BFB1-456F-B43D-9CC69DE483B6} = {A363462D-D69A-49C9-A60B-D275B00CEAF1}
		{57179282-74D8-46FC-8B58-46865DA51D87} = {1F8E86E0-3548-47B7-BCD9-B59B11F78B54}
		{67C161AF-24CE-42D3-91C2-269DFAD4148A} = {994E2C5C-5122-4462-AB85-E24026CF8402}
	EndGlobalSection
EndGlobal
